
Microsoft Visual Studio Solution File, Format Version 12.00
# Visual Studio Version 16
VisualStudioVersion = 16.0.29911.84
MinimumVisualStudioVersion = 10.0.40219.1
Project("{FAE04EC0-301F-11D3-BF4B-00C04F79EFBC}") = "Proyect_U.UWP", "Proyect_U.UWP\Proyect_U.UWP.csproj", "{8981BFBF-5282-4ADE-AA44-F03CFADD795F}"
EndProject
Project("{FAE04EC0-301F-11D3-BF4B-00C04F79EFBC}") = "Proyect_U.Android", "Proyect_U.Android\Proyect_U.Android.csproj", "{881CB6D7-20A9-4006-9842-FC1FCD46BAB9}"
EndProject
Project("{FAE04EC0-301F-11D3-BF4B-00C04F79EFBC}") = "Proyect_U.iOS", "Proyect_U.iOS\Proyect_U.iOS.csproj", "{A3B43C0F-B47C-497F-860B-1BBD6D683FC3}"
EndProject
Project("{FAE04EC0-301F-11D3-BF4B-00C04F79EFBC}") = "Proyect_U", "Proyect_U\Proyect_U.csproj", "{E1889A11-E12A-4AC0-965E-5A90CF48CB6D}"
EndProject
Global
	GlobalSection(SolutionConfigurationPlatforms) = preSolution
		Debug|Any CPU = Debug|Any CPU
		Debug|ARM = Debug|ARM
		Debug|iPhone = Debug|iPhone
		Debug|iPhoneSimulator = Debug|iPhoneSimulator
		Debug|x64 = Debug|x64
		Debug|x86 = Debug|x86
		Release|Any CPU = Release|Any CPU
		Release|ARM = Release|ARM
		Release|iPhone = Release|iPhone
		Release|iPhoneSimulator = Release|iPhoneSimulator
		Release|x64 = Release|x64
		Release|x86 = Release|x86
	EndGlobalSection
	GlobalSection(ProjectConfigurationPlatforms) = postSolution
		{8981BFBF-5282-4ADE-AA44-F03CFADD795F}.Debug|Any CPU.ActiveCfg = Debug|x86
		{8981BFBF-5282-4ADE-AA44-F03CFADD795F}.Debug|Any CPU.Build.0 = Debug|x86
		{8981BFBF-5282-4ADE-AA44-F03CFADD795F}.Debug|Any CPU.Deploy.0 = Debug|x86
		{8981BFBF-5282-4ADE-AA44-F03CFADD795F}.Debug|ARM.ActiveCfg = Debug|ARM
		{8981BFBF-5282-4ADE-AA44-F03CFADD795F}.Debug|ARM.Build.0 = Debug|ARM
		{8981BFBF-5282-4ADE-AA44-F03CFADD795F}.Debug|ARM.Deploy.0 = Debug|ARM
		{8981BFBF-5282-4ADE-AA44-F03CFADD795F}.Debug|iPhone.ActiveCfg = Debug|x86
		{8981BFBF-5282-4ADE-AA44-F03CFADD795F}.Debug|iPhone.Build.0 = Debug|x86
		{8981BFBF-5282-4ADE-AA44-F03CFADD795F}.Debug|iPhone.Deploy.0 = Debug|x86
		{8981BFBF-5282-4ADE-AA44-F03CFADD795F}.Debug|iPhoneSimulator.ActiveCfg = Debug|x86
		{8981BFBF-5282-4ADE-AA44-F03CFADD795F}.Debug|iPhoneSimulator.Build.0 = Debug|x86
		{8981BFBF-5282-4ADE-AA44-F03CFADD795F}.Debug|iPhoneSimulator.Deploy.0 = Debug|x86
		{8981BFBF-5282-4ADE-AA44-F03CFADD795F}.Debug|x64.ActiveCfg = Debug|x64
		{8981BFBF-5282-4ADE-AA44-F03CFADD795F}.Debug|x64.Build.0 = Debug|x64
		{8981BFBF-5282-4ADE-AA44-F03CFADD795F}.Debug|x64.Deploy.0 = Debug|x64
		{8981BFBF-5282-4ADE-AA44-F03CFADD795F}.Debug|x86.ActiveCfg = Debug|x86
		{8981BFBF-5282-4ADE-AA44-F03CFADD795F}.Debug|x86.Build.0 = Debug|x86
		{8981BFBF-5282-4ADE-AA44-F03CFADD795F}.Debug|x86.Deploy.0 = Debug|x86
		{8981BFBF-5282-4ADE-AA44-F03CFADD795F}.Release|Any CPU.ActiveCfg = Release|x86
		{8981BFBF-5282-4ADE-AA44-F03CFADD795F}.Release|Any CPU.Build.0 = Release|x86
		{8981BFBF-5282-4ADE-AA44-F03CFADD795F}.Release|Any CPU.Deploy.0 = Release|x86
		{8981BFBF-5282-4ADE-AA44-F03CFADD795F}.Release|ARM.ActiveCfg = Release|ARM
		{8981BFBF-5282-4ADE-AA44-F03CFADD795F}.Release|ARM.Build.0 = Release|ARM
		{8981BFBF-5282-4ADE-AA44-F03CFADD795F}.Release|ARM.Deploy.0 = Release|ARM
		{8981BFBF-5282-4ADE-AA44-F03CFADD795F}.Release|iPhone.ActiveCfg = Release|x86
		{8981BFBF-5282-4ADE-AA44-F03CFADD795F}.Release|iPhone.Build.0 = Release|x86
		{8981BFBF-5282-4ADE-AA44-F03CFADD795F}.Release|iPhone.Deploy.0 = Release|x86
		{8981BFBF-5282-4ADE-AA44-F03CFADD795F}.Release|iPhoneSimulator.ActiveCfg = Release|x86
		{8981BFBF-5282-4ADE-AA44-F03CFADD795F}.Release|iPhoneSimulator.Build.0 = Release|x86
		{8981BFBF-5282-4ADE-AA44-F03CFADD795F}.Release|iPhoneSimulator.Deploy.0 = Release|x86
		{8981BFBF-5282-4ADE-AA44-F03CFADD795F}.Release|x64.ActiveCfg = Release|x64
		{8981BFBF-5282-4ADE-AA44-F03CFADD795F}.Release|x64.Build.0 = Release|x64
		{8981BFBF-5282-4ADE-AA44-F03CFADD795F}.Release|x64.Deploy.0 = Release|x64
		{8981BFBF-5282-4ADE-AA44-F03CFADD795F}.Release|x86.ActiveCfg = Release|x86
		{8981BFBF-5282-4ADE-AA44-F03CFADD795F}.Release|x86.Build.0 = Release|x86
		{8981BFBF-5282-4ADE-AA44-F03CFADD795F}.Release|x86.Deploy.0 = Release|x86
		{881CB6D7-20A9-4006-9842-FC1FCD46BAB9}.Debug|Any CPU.ActiveCfg = Debug|Any CPU
		{881CB6D7-20A9-4006-9842-FC1FCD46BAB9}.Debug|Any CPU.Build.0 = Debug|Any CPU
		{881CB6D7-20A9-4006-9842-FC1FCD46BAB9}.Debug|Any CPU.Deploy.0 = Debug|Any CPU
		{881CB6D7-20A9-4006-9842-FC1FCD46BAB9}.Debug|ARM.ActiveCfg = Debug|Any CPU
		{881CB6D7-20A9-4006-9842-FC1FCD46BAB9}.Debug|ARM.Build.0 = Debug|Any CPU
		{881CB6D7-20A9-4006-9842-FC1FCD46BAB9}.Debug|ARM.Deploy.0 = Debug|Any CPU
		{881CB6D7-20A9-4006-9842-FC1FCD46BAB9}.Debug|iPhone.ActiveCfg = Debug|Any CPU
		{881CB6D7-20A9-4006-9842-FC1FCD46BAB9}.Debug|iPhone.Build.0 = Debug|Any CPU
		{881CB6D7-20A9-4006-9842-FC1FCD46BAB9}.Debug|iPhone.Deploy.0 = Debug|Any CPU
		{881CB6D7-20A9-4006-9842-FC1FCD46BAB9}.Debug|iPhoneSimulator.ActiveCfg = Debug|Any CPU
		{881CB6D7-20A9-4006-9842-FC1FCD46BAB9}.Debug|iPhoneSimulator.Build.0 = Debug|Any CPU
		{881CB6D7-20A9-4006-9842-FC1FCD46BAB9}.Debug|iPhoneSimulator.Deploy.0 = Debug|Any CPU
		{881CB6D7-20A9-4006-9842-FC1FCD46BAB9}.Debug|x64.ActiveCfg = Debug|Any CPU
		{881CB6D7-20A9-4006-9842-FC1FCD46BAB9}.Debug|x64.Build.0 = Debug|Any CPU
		{881CB6D7-20A9-4006-9842-FC1FCD46BAB9}.Debug|x64.Deploy.0 = Debug|Any CPU
		{881CB6D7-20A9-4006-9842-FC1FCD46BAB9}.Debug|x86.ActiveCfg = Debug|Any CPU
		{881CB6D7-20A9-4006-9842-FC1FCD46BAB9}.Debug|x86.Build.0 = Debug|Any CPU
		{881CB6D7-20A9-4006-9842-FC1FCD46BAB9}.Debug|x86.Deploy.0 = Debug|Any CPU
		{881CB6D7-20A9-4006-9842-FC1FCD46BAB9}.Release|Any CPU.ActiveCfg = Release|Any CPU
		{881CB6D7-20A9-4006-9842-FC1FCD46BAB9}.Release|Any CPU.Build.0 = Release|Any CPU
		{881CB6D7-20A9-4006-9842-FC1FCD46BAB9}.Release|Any CPU.Deploy.0 = Release|Any CPU
		{881CB6D7-20A9-4006-9842-FC1FCD46BAB9}.Release|ARM.ActiveCfg = Release|Any CPU
		{881CB6D7-20A9-4006-9842-FC1FCD46BAB9}.Release|ARM.Build.0 = Release|Any CPU
		{881CB6D7-20A9-4006-9842-FC1FCD46BAB9}.Release|ARM.Deploy.0 = Release|Any CPU
		{881CB6D7-20A9-4006-9842-FC1FCD46BAB9}.Release|iPhone.ActiveCfg = Release|Any CPU
		{881CB6D7-20A9-4006-9842-FC1FCD46BAB9}.Release|iPhone.Build.0 = Release|Any CPU
		{881CB6D7-20A9-4006-9842-FC1FCD46BAB9}.Release|iPhone.Deploy.0 = Release|Any CPU
		{881CB6D7-20A9-4006-9842-FC1FCD46BAB9}.Release|iPhoneSimulator.ActiveCfg = Release|Any CPU
		{881CB6D7-20A9-4006-9842-FC1FCD46BAB9}.Release|iPhoneSimulator.Build.0 = Release|Any CPU
		{881CB6D7-20A9-4006-9842-FC1FCD46BAB9}.Release|iPhoneSimulator.Deploy.0 = Release|Any CPU
		{881CB6D7-20A9-4006-9842-FC1FCD46BAB9}.Release|x64.ActiveCfg = Release|Any CPU
		{881CB6D7-20A9-4006-9842-FC1FCD46BAB9}.Release|x64.Build.0 = Release|Any CPU
		{881CB6D7-20A9-4006-9842-FC1FCD46BAB9}.Release|x64.Deploy.0 = Release|Any CPU
		{881CB6D7-20A9-4006-9842-FC1FCD46BAB9}.Release|x86.ActiveCfg = Release|Any CPU
		{881CB6D7-20A9-4006-9842-FC1FCD46BAB9}.Release|x86.Build.0 = Release|Any CPU
		{881CB6D7-20A9-4006-9842-FC1FCD46BAB9}.Release|x86.Deploy.0 = Release|Any CPU
		{A3B43C0F-B47C-497F-860B-1BBD6D683FC3}.Debug|Any CPU.ActiveCfg = Debug|iPhone
		{A3B43C0F-B47C-497F-860B-1BBD6D683FC3}.Debug|Any CPU.Build.0 = Debug|iPhone
		{A3B43C0F-B47C-497F-860B-1BBD6D683FC3}.Debug|Any CPU.Deploy.0 = Debug|iPhone
		{A3B43C0F-B47C-497F-860B-1BBD6D683FC3}.Debug|ARM.ActiveCfg = Debug|iPhone
		{A3B43C0F-B47C-497F-860B-1BBD6D683FC3}.Debug|ARM.Build.0 = Debug|iPhone
		{A3B43C0F-B47C-497F-860B-1BBD6D683FC3}.Debug|ARM.Deploy.0 = Debug|iPhone
		{A3B43C0F-B47C-497F-860B-1BBD6D683FC3}.Debug|iPhone.ActiveCfg = Debug|iPhone
		{A3B43C0F-B47C-497F-860B-1BBD6D683FC3}.Debug|iPhone.Build.0 = Debug|iPhone
		{A3B43C0F-B47C-497F-860B-1BBD6D683FC3}.Debug|iPhone.Deploy.0 = Debug|iPhone
		{A3B43C0F-B47C-497F-860B-1BBD6D683FC3}.Debug|iPhoneSimulator.ActiveCfg = Debug|iPhoneSimulator
		{A3B43C0F-B47C-497F-860B-1BBD6D683FC3}.Debug|iPhoneSimulator.Build.0 = Debug|iPhoneSimulator
		{A3B43C0F-B47C-497F-860B-1BBD6D683FC3}.Debug|iPhoneSimulator.Deploy.0 = Debug|iPhoneSimulator
		{A3B43C0F-B47C-497F-860B-1BBD6D683FC3}.Debug|x64.ActiveCfg = Debug|iPhone
		{A3B43C0F-B47C-497F-860B-1BBD6D683FC3}.Debug|x64.Build.0 = Debug|iPhone
		{A3B43C0F-B47C-497F-860B-1BBD6D683FC3}.Debug|x64.Deploy.0 = Debug|iPhone
		{A3B43C0F-B47C-497F-860B-1BBD6D683FC3}.Debug|x86.ActiveCfg = Debug|iPhone
		{A3B43C0F-B47C-497F-860B-1BBD6D683FC3}.Debug|x86.Build.0 = Debug|iPhone
		{A3B43C0F-B47C-497F-860B-1BBD6D683FC3}.Debug|x86.Deploy.0 = Debug|iPhone
		{A3B43C0F-B47C-497F-860B-1BBD6D683FC3}.Release|Any CPU.ActiveCfg = Release|iPhone
		{A3B43C0F-B47C-497F-860B-1BBD6D683FC3}.Release|Any CPU.Build.0 = Release|iPhone
		{A3B43C0F-B47C-497F-860B-1BBD6D683FC3}.Release|Any CPU.Deploy.0 = Release|iPhone
		{A3B43C0F-B47C-497F-860B-1BBD6D683FC3}.Release|ARM.ActiveCfg = Release|iPhone
		{A3B43C0F-B47C-497F-860B-1BBD6D683FC3}.Release|ARM.Build.0 = Release|iPhone
		{A3B43C0F-B47C-497F-860B-1BBD6D683FC3}.Release|ARM.Deploy.0 = Release|iPhone
		{A3B43C0F-B47C-497F-860B-1BBD6D683FC3}.Release|iPhone.ActiveCfg = Release|iPhone
		{A3B43C0F-B47C-497F-860B-1BBD6D683FC3}.Release|iPhone.Build.0 = Release|iPhone
		{A3B43C0F-B47C-497F-860B-1BBD6D683FC3}.Release|iPhone.Deploy.0 = Release|iPhone
		{A3B43C0F-B47C-497F-860B-1BBD6D683FC3}.Release|iPhoneSimulator.ActiveCfg = Release|iPhoneSimulator
		{A3B43C0F-B47C-497F-860B-1BBD6D683FC3}.Release|iPhoneSimulator.Build.0 = Release|iPhoneSimulator
		{A3B43C0F-B47C-497F-860B-1BBD6D683FC3}.Release|iPhoneSimulator.Deploy.0 = Release|iPhoneSimulator
		{A3B43C0F-B47C-497F-860B-1BBD6D683FC3}.Release|x64.ActiveCfg = Release|iPhone
		{A3B43C0F-B47C-497F-860B-1BBD6D683FC3}.Release|x64.Build.0 = Release|iPhone
		{A3B43C0F-B47C-497F-860B-1BBD6D683FC3}.Release|x64.Deploy.0 = Release|iPhone
		{A3B43C0F-B47C-497F-860B-1BBD6D683FC3}.Release|x86.ActiveCfg = Release|iPhone
		{A3B43C0F-B47C-497F-860B-1BBD6D683FC3}.Release|x86.Build.0 = Release|iPhone
		{A3B43C0F-B47C-497F-860B-1BBD6D683FC3}.Release|x86.Deploy.0 = Release|iPhone
		{E1889A11-E12A-4AC0-965E-5A90CF48CB6D}.Debug|Any CPU.ActiveCfg = Debug|Any CPU
		{E1889A11-E12A-4AC0-965E-5A90CF48CB6D}.Debug|Any CPU.Build.0 = Debug|Any CPU
		{E1889A11-E12A-4AC0-965E-5A90CF48CB6D}.Debug|Any CPU.Deploy.0 = Debug|Any CPU
		{E1889A11-E12A-4AC0-965E-5A90CF48CB6D}.Debug|ARM.ActiveCfg = Debug|Any CPU
		{E1889A11-E12A-4AC0-965E-5A90CF48CB6D}.Debug|ARM.Build.0 = Debug|Any CPU
		{E1889A11-E12A-4AC0-965E-5A90CF48CB6D}.Debug|ARM.Deploy.0 = Debug|Any CPU
		{E1889A11-E12A-4AC0-965E-5A90CF48CB6D}.Debug|iPhone.ActiveCfg = Debug|Any CPU
		{E1889A11-E12A-4AC0-965E-5A90CF48CB6D}.Debug|iPhone.Build.0 = Debug|Any CPU
		{E1889A11-E12A-4AC0-965E-5A90CF48CB6D}.Debug|iPhone.Deploy.0 = Debug|Any CPU
		{E1889A11-E12A-4AC0-965E-5A90CF48CB6D}.Debug|iPhoneSimulator.ActiveCfg = Debug|Any CPU
		{E1889A11-E12A-4AC0-965E-5A90CF48CB6D}.Debug|iPhoneSimulator.Build.0 = Debug|Any CPU
		{E1889A11-E12A-4AC0-965E-5A90CF48CB6D}.Debug|iPhoneSimulator.Deploy.0 = Debug|Any CPU
		{E1889A11-E12A-4AC0-965E-5A90CF48CB6D}.Debug|x64.ActiveCfg = Debug|Any CPU
		{E1889A11-E12A-4AC0-965E-5A90CF48CB6D}.Debug|x64.Build.0 = Debug|Any CPU
		{E1889A11-E12A-4AC0-965E-5A90CF48CB6D}.Debug|x64.Deploy.0 = Debug|Any CPU
		{E1889A11-E12A-4AC0-965E-5A90CF48CB6D}.Debug|x86.ActiveCfg = Debug|Any CPU
		{E1889A11-E12A-4AC0-965E-5A90CF48CB6D}.Debug|x86.Build.0 = Debug|Any CPU
		{E1889A11-E12A-4AC0-965E-5A90CF48CB6D}.Debug|x86.Deploy.0 = Debug|Any CPU
		{E1889A11-E12A-4AC0-965E-5A90CF48CB6D}.Release|Any CPU.ActiveCfg = Release|Any CPU
		{E1889A11-E12A-4AC0-965E-5A90CF48CB6D}.Release|Any CPU.Build.0 = Release|Any CPU
		{E1889A11-E12A-4AC0-965E-5A90CF48CB6D}.Release|Any CPU.Deploy.0 = Release|Any CPU
		{E1889A11-E12A-4AC0-965E-5A90CF48CB6D}.Release|ARM.ActiveCfg = Release|Any CPU
		{E1889A11-E12A-4AC0-965E-5A90CF48CB6D}.Release|ARM.Build.0 = Release|Any CPU
		{E1889A11-E12A-4AC0-965E-5A90CF48CB6D}.Release|ARM.Deploy.0 = Release|Any CPU
		{E1889A11-E12A-4AC0-965E-5A90CF48CB6D}.Release|iPhone.ActiveCfg = Release|Any CPU
		{E1889A11-E12A-4AC0-965E-5A90CF48CB6D}.Release|iPhone.Build.0 = Release|Any CPU
		{E1889A11-E12A-4AC0-965E-5A90CF48CB6D}.Release|iPhone.Deploy.0 = Release|Any CPU
		{E1889A11-E12A-4AC0-965E-5A90CF48CB6D}.Release|iPhoneSimulator.ActiveCfg = Release|Any CPU
		{E1889A11-E12A-4AC0-965E-5A90CF48CB6D}.Release|iPhoneSimulator.Build.0 = Release|Any CPU
		{E1889A11-E12A-4AC0-965E-5A90CF48CB6D}.Release|iPhoneSimulator.Deploy.0 = Release|Any CPU
		{E1889A11-E12A-4AC0-965E-5A90CF48CB6D}.Release|x64.ActiveCfg = Release|Any CPU
		{E1889A11-E12A-4AC0-965E-5A90CF48CB6D}.Release|x64.Build.0 = Release|Any CPU
		{E1889A11-E12A-4AC0-965E-5A90CF48CB6D}.Release|x64.Deploy.0 = Release|Any CPU
		{E1889A11-E12A-4AC0-965E-5A90CF48CB6D}.Release|x86.ActiveCfg = Release|Any CPU
		{E1889A11-E12A-4AC0-965E-5A90CF48CB6D}.Release|x86.Build.0 = Release|Any CPU
		{E1889A11-E12A-4AC0-965E-5A90CF48CB6D}.Release|x86.Deploy.0 = Release|Any CPU
	EndGlobalSection
	GlobalSection(SolutionProperties) = preSolution
		HideSolutionNode = FALSE
	EndGlobalSection
	GlobalSection(ExtensibilityGlobals) = postSolution
		SolutionGuid = {4354F0F6-2176-4380-8168-A1523E9AD4A7}
	EndGlobalSection
EndGlobal
